Microsoft Visual Studio Solution File, Format Version 12.00
# Visual Studio Version 16
VisualStudioVersion = 16.0.28315.86
MinimumVisualStudioVersion = 10.0.40219.1
Project("{8BC9CEB8-8B4A-11D0-8D11-00A0C91BC942}") = "SDL2", "SDL\SDL_VS2013.vcxproj", "{81CE8DAF-EBB2-4761-8E45-B71ABCCA8C68}"
EndProject
Project("{8BC9CEB8-8B4A-11D0-8D11-00A0C91BC942}") = "SDL2main", "SDLmain\SDLmain_VS2013.vcxproj", "{DA956FD3-E142-46F2-9DD5-C78BEBB56B7A}"
EndProject
Project("{8BC9CEB8-8B4A-11D0-8D11-00A0C91BC942}") = "SDL2test", "SDLtest\SDLtest_VS2013.vcxproj", "{DA956FD3-E143-46F2-9FE5-C77BEBC56B1A}"
	ProjectSection(ProjectDependencies) = postProject
		{81CE8DAF-EBB2-4761-8E45-B71ABCCA8C68} = {81CE8DAF-EBB2-4761-8E45-B71ABCCA8C68}
	EndProjectSection
EndProject
Global
	GlobalSection(SolutionConfigurationPlatforms) = preSolution
		Debug|Win32 = Debug|Win32
		Debug|x64 = Debug|x64
		Release|Win32 = Release|Win32
		Release|x64 = Release|x64
		vs2010_Debug|Win32 = vs2010_Debug|Win32
		vs2010_Debug|x64 = vs2010_Debug|x64
		vs2010_Release|Win32 = vs2010_Release|Win32
		vs2010_Release|x64 = vs2010_Release|x64
		vs2012_Debug|Win32 = vs2012_Debug|Win32
		vs2012_Debug|x64 = vs2012_Debug|x64
		vs2012_Release|Win32 = vs2012_Release|Win32
		vs2012_Release|x64 = vs2012_Release|x64
		vs2015_Debug|Win32 = vs2015_Debug|Win32
		vs2015_Debug|x64 = vs2015_Debug|x64
		vs2015_Release|Win32 = vs2015_Release|Win32
		vs2015_Release|x64 = vs2015_Release|x64
		vs2017_Debug|Win32 = vs2017_Debug|Win32
		vs2017_Debug|x64 = vs2017_Debug|x64
		vs2017_Release|Win32 = vs2017_Release|Win32
		vs2017_Release|x64 = vs2017_Release|x64
		vs2019_Debug|Win32 = vs2019_Debug|Win32
		vs2019_Debug|x64 = vs2019_Debug|x64
		vs2019_Release|Win32 = vs2019_Release|Win32
		vs2019_Release|x64 = vs2019_Release|x64
	EndGlobalSection
	GlobalSection(ProjectConfigurationPlatforms) = postSolution
		{81CE8DAF-EBB2-4761-8E45-B71ABCCA8C68}.Debug|Win32.ActiveCfg = Debug|Win32
		{81CE8DAF-EBB2-4761-8E45-B71ABCCA8C68}.Debug|Win32.Build.0 = Debug|Win32
		{81CE8DAF-EBB2-4761-8E45-B71ABCCA8C68}.Debug|x64.ActiveCfg = Debug|x64
		{81CE8DAF-EBB2-4761-8E45-B71ABCCA8C68}.Debug|x64.Build.0 = Debug|x64
		{81CE8DAF-EBB2-4761-8E45-B71ABCCA8C68}.Release|Win32.ActiveCfg = Release|Win32
		{81CE8DAF-EBB2-4761-8E45-B71ABCCA8C68}.Release|Win32.Build.0 = Release|Win32
		{81CE8DAF-EBB2-4761-8E45-B71ABCCA8C68}.Release|x64.ActiveCfg = Release|x64
		{81CE8DAF-EBB2-4761-8E45-B71ABCCA8C68}.Release|x64.Build.0 = Release|x64
		{81CE8DAF-EBB2-4761-8E45-B71ABCCA8C68}.vs2010_Debug|Win32.ActiveCfg = vs2010_Debug|Win32
		{81CE8DAF-EBB2-4761-8E45-B71ABCCA8C68}.vs2010_Debug|Win32.Build.0 = vs2010_Debug|Win32
		{81CE8DAF-EBB2-4761-8E45-B71ABCCA8C68}.vs2010_Debug|x64.ActiveCfg = vs2010_Debug|x64
		{81CE8DAF-EBB2-4761-8E45-B71ABCCA8C68}.vs2010_Debug|x64.Build.0 = vs2010_Debug|x64
		{81CE8DAF-EBB2-4761-8E45-B71ABCCA8C68}.vs2010_Release|Win32.ActiveCfg = vs2010_Release|Win32
		{81CE8DAF-EBB2-4761-8E45-B71ABCCA8C68}.vs2010_Release|Win32.Build.0 = vs2010_Release|Win32
		{81CE8DAF-EBB2-4761-8E45-B71ABCCA8C68}.vs2010_Release|x64.ActiveCfg = vs2010_Release|x64
		{81CE8DAF-EBB2-4761-8E45-B71ABCCA8C68}.vs2010_Release|x64.Build.0 = vs2010_Release|x64
		{81CE8DAF-EBB2-4761-8E45-B71ABCCA8C68}.vs2012_Debug|Win32.ActiveCfg = vs2012_Debug|Win32
		{81CE8DAF-EBB2-4761-8E45-B71ABCCA8C68}.vs2012_Debug|Win32.Build.0 = vs2012_Debug|Win32
		{81CE8DAF-EBB2-4761-8E45-B71ABCCA8C68}.vs2012_Debug|x64.ActiveCfg = vs2012_Debug|x64
		{81CE8DAF-EBB2-4761-8E45-B71ABCCA8C68}.vs2012_Debug|x64.Build.0 = vs2012_Debug|x64
		{81CE8DAF-EBB2-4761-8E45-B71ABCCA8C68}.vs2012_Release|Win32.ActiveCfg = vs2012_Release|Win32
		{81CE8DAF-EBB2-4761-8E45-B71ABCCA8C68}.vs2012_Release|Win32.Build.0 = vs2012_Release|Win32
		{81CE8DAF-EBB2-4761-8E45-B71ABCCA8C68}.vs2012_Release|x64.ActiveCfg = vs2012_Release|x64
		{81CE8DAF-EBB2-4761-8E45-B71ABCCA8C68}.vs2012_Release|x64.Build.0 = vs2012_Release|x64
		{81CE8DAF-EBB2-4761-8E45-B71ABCCA8C68}.vs2015_Debug|Win32.ActiveCfg = vs2015_Debug|Win32
		{81CE8DAF-EBB2-4761-8E45-B71ABCCA8C68}.vs2015_Debug|Win32.Build.0 = vs2015_Debug|Win32
		{81CE8DAF-EBB2-4761-8E45-B71ABCCA8C68}.vs2015_Debug|x64.ActiveCfg = vs2015_Debug|x64
		{81CE8DAF-EBB2-4761-8E45-B71ABCCA8C68}.vs2015_Debug|x64.Build.0 = vs2015_Debug|x64
		{81CE8DAF-EBB2-4761-8E45-B71ABCCA8C68}.vs2015_Release|Win32.ActiveCfg = vs2015_Release|Win32
		{81CE8DAF-EBB2-4761-8E45-B71ABCCA8C68}.vs2015_Release|Win32.Build.0 = vs2015_Release|Win32
		{81CE8DAF-EBB2-4761-8E45-B71ABCCA8C68}.vs2015_Release|x64.ActiveCfg = vs2015_Release|x64
		{81CE8DAF-EBB2-4761-8E45-B71ABCCA8C68}.vs2015_Release|x64.Build.0 = vs2015_Release|x64
		{81CE8DAF-EBB2-4761-8E45-B71ABCCA8C68}.vs2017_Debug|Win32.ActiveCfg = vs2017_Debug|Win32
		{81CE8DAF-EBB2-4761-8E45-B71ABCCA8C68}.vs2017_Debug|Win32.Build.0 = vs2017_Debug|Win32
		{81CE8DAF-EBB2-4761-8E45-B71ABCCA8C68}.vs2017_Debug|x64.ActiveCfg = vs2017_Debug|x64
		{81CE8DAF-EBB2-4761-8E45-B71ABCCA8C68}.vs2017_Debug|x64.Build.0 = vs2017_Debug|x64
		{81CE8DAF-EBB2-4761-8E45-B71ABCCA8C68}.vs2017_Release|Win32.ActiveCfg = vs2017_Release|Win32
		{81CE8DAF-EBB2-4761-8E45-B71ABCCA8C68}.vs2017_Release|Win32.Build.0 = vs2017_Release|Win32
		{81CE8DAF-EBB2-4761-8E45-B71ABCCA8C68}.vs2017_Release|x64.ActiveCfg = vs2017_Release|x64
		{81CE8DAF-EBB2-4761-8E45-B71ABCCA8C68}.vs2017_Release|x64.Build.0 = vs2017_Release|x64
		{81CE8DAF-EBB2-4761-8E45-B71ABCCA8C68}.vs2019_Debug|Win32.ActiveCfg = vs2019_Debug|Win32
		{81CE8DAF-EBB2-4761-8E45-B71ABCCA8C68}.vs2019_Debug|Win32.Build.0 = vs2019_Debug|Win32
		{81CE8DAF-EBB2-4761-8E45-B71ABCCA8C68}.vs2019_Debug|x64.ActiveCfg = vs2019_Debug|x64
		{81CE8DAF-EBB2-4761-8E45-B71ABCCA8C68}.vs2019_Debug|x64.Build.0 = vs2019_Debug|x64
		{81CE8DAF-EBB2-4761-8E45-B71ABCCA8C68}.vs2019_Release|Win32.ActiveCfg = vs2019_Release|Win32
		{81CE8DAF-EBB2-4761-8E45-B71ABCCA8C68}.vs2019_Release|Win32.Build.0 = vs2019_Release|Win32
		{81CE8DAF-EBB2-4761-8E45-B71ABCCA8C68}.vs2019_Release|x64.ActiveCfg = vs2019_Release|x64
		{81CE8DAF-EBB2-4761-8E45-B71ABCCA8C68}.vs2019_Release|x64.Build.0 = vs2019_Release|x64
		{DA956FD3-E142-46F2-9DD5-C78BEBB56B7A}.Debug|Win32.ActiveCfg = Debug|Win32
		{DA956FD3-E142-46F2-9DD5-C78BEBB56B7A}.Debug|Win32.Build.0 = Debug|Win32
		{DA956FD3-E142-46F2-9DD5-C78BEBB56B7A}.Debug|x64.ActiveCfg = Debug|x64
		{DA956FD3-E142-46F2-9DD5-C78BEBB56B7A}.Debug|x64.Build.0 = Debug|x64
		{DA956FD3-E142-46F2-9DD5-C78BEBB56B7A}.Release|Win32.ActiveCfg = Release|Win32
		{DA956FD3-E142-46F2-9DD5-C78BEBB56B7A}.Release|Win32.Build.0 = Release|Win32
		{DA956FD3-E142-46F2-9DD5-C78BEBB56B7A}.Release|x64.ActiveCfg = Release|x64
		{DA956FD3-E142-46F2-9DD5-C78BEBB56B7A}.Release|x64.Build.0 = Release|x64
		{DA956FD3-E142-46F2-9DD5-C78BEBB56B7A}.vs2010_Debug|Win32.ActiveCfg = vs2010_Debug|Win32
		{DA956FD3-E142-46F2-9DD5-C78BEBB56B7A}.vs2010_Debug|Win32.Build.0 = vs2010_Debug|Win32
		{DA956FD3-E142-46F2-9DD5-C78BEBB56B7A}.vs2010_Debug|x64.ActiveCfg = vs2010_Debug|x64
		{DA956FD3-E142-46F2-9DD5-C78BEBB56B7A}.vs2010_Debug|x64.Build.0 = vs2010_Debug|x64
		{DA956FD3-E142-46F2-9DD5-C78BEBB56B7A}.vs2010_Release|Win32.ActiveCfg = vs2010_Release|Win32
		{DA956FD3-E142-46F2-9DD5-C78BEBB56B7A}.vs2010_Release|Win32.Build.0 = vs2010_Release|Win32
		{DA956FD3-E142-46F2-9DD5-C78BEBB56B7A}.vs2010_Release|x64.ActiveCfg = vs2010_Release|x64
		{DA956FD3-E142-46F2-9DD5-C78BEBB56B7A}.vs2010_Release|x64.Build.0 = vs2010_Release|x64
		{DA956FD3-E142-46F2-9DD5-C78BEBB56B7A}.vs2012_Debug|Win32.ActiveCfg = vs2012_Debug|Win32
		{DA956FD3-E142-46F2-9DD5-C78BEBB56B7A}.vs2012_Debug|Win32.Build.0 = vs2012_Debug|Win32
		{DA956FD3-E142-46F2-9DD5-C78BEBB56B7A}.vs2012_Debug|x64.ActiveCfg = vs2012_Debug|x64
		{DA956FD3-E142-46F2-9DD5-C78BEBB56B7A}.vs2012_Debug|x64.Build.0 = vs2012_Debug|x64
		{DA956FD3-E142-46F2-9DD5-C78BEBB56B7A}.vs2012_Release|Win32.ActiveCfg = vs2012_Release|Win32
		{DA956FD3-E142-46F2-9DD5-C78BEBB56B7A}.vs2012_Release|Win32.Build.0 = vs2012_Release|Win32
		{DA956FD3-E142-46F2-9DD5-C78BEBB56B7A}.vs2012_Release|x64.ActiveCfg = vs2012_Release|x64
		{DA956FD3-E142-46F2-9DD5-C78BEBB56B7A}.vs2012_Release|x64.Build.0 = vs2012_Release|x64
		{DA956FD3-E142-46F2-9DD5-C78BEBB56B7A}.vs2015_Debug|Win32.ActiveCfg = vs2015_Debug|Win32
		{DA956FD3-E142-46F2-9DD5-C78BEBB56B7A}.vs2015_Debug|Win32.Build.0 = vs2015_Debug|Win32
		{DA956FD3-E142-46F2-9DD5-C78BEBB56B7A}.vs2015_Debug|x64.ActiveCfg = vs2015_Debug|x64
		{DA956FD3-E142-46F2-9DD5-C78BEBB56B7A}.vs2015_Debug|x64.Build.0 = vs2015_Debug|x64
		{DA956FD3-E142-46F2-9DD5-C78BEBB56B7A}.vs2015_Release|Win32.ActiveCfg = vs2015_Release|Win32
		{DA956FD3-E142-46F2-9DD5-C78BEBB56B7A}.vs2015_Release|Win32.Build.0 = vs2015_Release|Win32
		{DA956FD3-E142-46F2-9DD5-C78BEBB56B7A}.vs2015_Release|x64.ActiveCfg = vs2015_Release|x64
		{DA956FD3-E142-46F2-9DD5-C78BEBB56B7A}.vs2015_Release|x64.Build.0 = vs2015_Release|x64
		{DA956FD3-E142-46F2-9DD5-C78BEBB56B7A}.vs2017_Debug|Win32.ActiveCfg = vs2017_Debug|Win32
		{DA956FD3-E142-46F2-9DD5-C78BEBB56B7A}.vs2017_Debug|Win32.Build.0 = vs2017_Debug|Win32
		{DA956FD3-E142-46F2-9DD5-C78BEBB56B7A}.vs2017_Debug|x64.ActiveCfg = vs2017_Debug|x64
		{DA956FD3-E142-46F2-9DD5-C78BEBB56B7A}.vs2017_Debug|x64.Build.0 = vs2017_Debug|x64
		{DA956FD3-E142-46F2-9DD5-C78BEBB56B7A}.vs2017_Release|Win32.ActiveCfg = vs2017_Release|Win32
		{DA956FD3-E142-46F2-9DD5-C78BEBB56B7A}.vs2017_Release|Win32.Build.0 = vs2017_Release|Win32
		{DA956FD3-E142-46F2-9DD5-C78BEBB56B7A}.vs2017_Release|x64.ActiveCfg = vs2017_Release|x64
		{DA956FD3-E142-46F2-9DD5-C78BEBB56B7A}.vs2017_Release|x64.Build.0 = vs2017_Release|x64
		{DA956FD3-E142-46F2-9DD5-C78BEBB56B7A}.vs2019_Debug|Win32.ActiveCfg = vs2019_Debug|Win32
		{DA956FD3-E142-46F2-9DD5-C78BEBB56B7A}.vs2019_Debug|Win32.Build.0 = vs2019_Debug|Win32
		{DA956FD3-E142-46F2-9DD5-C78BEBB56B7A}.vs2019_Debug|x64.ActiveCfg = vs2019_Debug|x64
		{DA956FD3-E142-46F2-9DD5-C78BEBB56B7A}.vs2019_Debug|x64.Build.0 = vs2019_Debug|x64
		{DA956FD3-E142-46F2-9DD5-C78BEBB56B7A}.vs2019_Release|Win32.ActiveCfg = vs2019_Release|Win32
		{DA956FD3-E142-46F2-9DD5-C78BEBB56B7A}.vs2019_Release|Win32.Build.0 = vs2019_Release|Win32
		{DA956FD3-E142-46F2-9DD5-C78BEBB56B7A}.vs2019_Release|x64.ActiveCfg = vs2019_Release|x64
		{DA956FD3-E142-46F2-9DD5-C78BEBB56B7A}.vs2019_Release|x64.Build.0 = vs2019_Release|x64
		{DA956FD3-E143-46F2-9FE5-C77BEBC56B1A}.Debug|Win32.ActiveCfg = Debug|Win32
		{DA956FD3-E143-46F2-9FE5-C77BEBC56B1A}.Debug|Win32.Build.0 = Debug|Win32
		{DA956FD3-E143-46F2-9FE5-C77BEBC56B1A}.Debug|x64.ActiveCfg = Debug|x64
		{DA956FD3-E143-46F2-9FE5-C77BEBC56B1A}.Debug|x64.Build.0 = Debug|x64
		{DA956FD3-E143-46F2-9FE5-C77BEBC56B1A}.Release|Win32.ActiveCfg = Release|Win32
		{DA956FD3-E143-46F2-9FE5-C77BEBC56B1A}.Release|Win32.Build.0 = Release|Win32
		{DA956FD3-E143-46F2-9FE5-C77BEBC56B1A}.Release|x64.ActiveCfg = Release|x64
		{DA956FD3-E143-46F2-9FE5-C77BEBC56B1A}.Release|x64.Build.0 = Release|x64
		{DA956FD3-E143-46F2-9FE5-C77BEBC56B1A}.vs2010_Debug|Win32.ActiveCfg = vs2010_Debug|Win32
		{DA956FD3-E143-46F2-9FE5-C77BEBC56B1A}.vs2010_Debug|Win32.Build.0 = vs2010_Debug|Win32
		{DA956FD3-E143-46F2-9FE5-C77BEBC56B1A}.vs2010_Debug|x64.ActiveCfg = vs2010_Debug|x64
		{DA956FD3-E143-46F2-9FE5-C77BEBC56B1A}.vs2010_Debug|x64.Build.0 = vs2010_Debug|x64
		{DA956FD3-E143-46F2-9FE5-C77BEBC56B1A}.vs2010_Release|Win32.ActiveCfg = vs2010_Release|Win32
		{DA956FD3-E143-46F2-9FE5-C77BEBC56B1A}.vs2010_Release|Win32.Build.0 = vs2010_Release|Win32
		{DA956FD3-E143-46F2-9FE5-C77BEBC56B1A}.vs2010_Release|x64.ActiveCfg = vs2010_Release|x64
		{DA956FD3-E143-46F2-9FE5-C77BEBC56B1A}.vs2010_Release|x64.Build.0 = vs2010_Release|x64
		{DA956FD3-E143-46F2-9FE5-C77BEBC56B1A}.vs2012_Debug|Win32.ActiveCfg = vs2012_Debug|Win32
		{DA956FD3-E143-46F2-9FE5-C77BEBC56B1A}.vs2012_Debug|Win32.Build.0 = vs2012_Debug|Win32
		{DA956FD3-E143-46F2-9FE5-C77BEBC56B1A}.vs2012_Debug|x64.ActiveCfg = vs2012_Debug|x64
		{DA956FD3-E143-46F2-9FE5-C77BEBC56B1A}.vs2012_Debug|x64.Build.0 = vs2012_Debug|x64
		{DA956FD3-E143-46F2-9FE5-C77BEBC56B1A}.vs2012_Release|Win32.ActiveCfg = vs2012_Release|Win32
		{DA956FD3-E143-46F2-9FE5-C77BEBC56B1A}.vs2012_Release|Win32.Build.0 = vs2012_Release|Win32
		{DA956FD3-E143-46F2-9FE5-C77BEBC56B1A}.vs2012_Release|x64.ActiveCfg = vs2012_Release|x64
		{DA956FD3-E143-46F2-9FE5-C77BEBC56B1A}.vs2012_Release|x64.Build.0 = vs2012_Release|x64
		{DA956FD3-E143-46F2-9FE5-C77BEBC56B1A}.vs2015_Debug|Win32.ActiveCfg = vs2015_Debug|Win32
		{DA956FD3-E143-46F2-9FE5-C77BEBC56B1A}.vs2015_Debug|Win32.Build.0 = vs2015_Debug|Win32
		{DA956FD3-E143-46F2-9FE5-C77BEBC56B1A}.vs2015_Debug|x64.ActiveCfg = vs2015_Debug|x64
		{DA956FD3-E143-46F2-9FE5-C77BEBC56B1A}.vs2015_Debug|x64.Build.0 = vs2015_Debug|x64
		{DA956FD3-E143-46F2-9FE5-C77BEBC56B1A}.vs2015_Release|Win32.ActiveCfg = vs2015_Release|Win32
		{DA956FD3-E143-46F2-9FE5-C77BEBC56B1A}.vs2015_Release|Win32.Build.0 = vs2015_Release|Win32
		{DA956FD3-E143-46F2-9FE5-C77BEBC56B1A}.vs2015_Release|x64.ActiveCfg = vs2015_Release|x64
		{DA956FD3-E143-46F2-9FE5-C77BEBC56B1A}.vs2015_Release|x64.Build.0 = vs2015_Release|x64
		{DA956FD3-E143-46F2-9FE5-C77BEBC56B1A}.vs2017_Debug|Win32.ActiveCfg = vs2017_Debug|Win32
		{DA956FD3-E143-46F2-9FE5-C77BEBC56B1A}.vs2017_Debug|Win32.Build.0 = vs2017_Debug|Win32
		{DA956FD3-E143-46F2-9FE5-C77BEBC56B1A}.vs2017_Debug|x64.ActiveCfg = vs2017_Debug|x64
		{DA956FD3-E143-46F2-9FE5-C77BEBC56B1A}.vs2017_Debug|x64.Build.0 = vs2017_Debug|x64
		{DA956FD3-E143-46F2-9FE5-C77BEBC56B1A}.vs2017_Release|Win32.ActiveCfg = vs2017_Release|Win32
		{DA956FD3-E143-46F2-9FE5-C77BEBC56B1A}.vs2017_Release|Win32.Build.0 = vs2017_Release|Win32
		{DA956FD3-E143-46F2-9FE5-C77BEBC56B1A}.vs2017_Release|x64.ActiveCfg = vs2017_Release|x64
		{DA956FD3-E143-46F2-9FE5-C77BEBC56B1A}.vs2017_Release|x64.Build.0 = vs2017_Release|x64
		{DA956FD3-E143-46F2-9FE5-C77BEBC56B1A}.vs2019_Debug|Win32.ActiveCfg = vs2019_Debug|Win32
		{DA956FD3-E143-46F2-9FE5-C77BEBC56B1A}.vs2019_Debug|Win32.Build.0 = vs2019_Debug|Win32
		{DA956FD3-E143-46F2-9FE5-C77BEBC56B1A}.vs2019_Debug|x64.ActiveCfg = vs2019_Debug|x64
		{DA956FD3-E143-46F2-9FE5-C77BEBC56B1A}.vs2019_Debug|x64.Build.0 = vs2019_Debug|x64
		{DA956FD3-E143-46F2-9FE5-C77BEBC56B1A}.vs2019_Release|Win32.ActiveCfg = vs2019_Release|Win32
		{DA956FD3-E143-46F2-9FE5-C77BEBC56B1A}.vs2019_Release|Win32.Build.0 = vs2019_Release|Win32
		{DA956FD3-E143-46F2-9FE5-C77BEBC56B1A}.vs2019_Release|x64.ActiveCfg = vs2019_Release|x64
		{DA956FD3-E143-46F2-9FE5-C77BEBC56B1A}.vs2019_Release|x64.Build.0 = vs2019_Release|x64
	EndGlobalSection
	GlobalSection(SolutionProperties) = preSolution
		HideSolutionNode = FALSE
	EndGlobalSection
	GlobalSection(ExtensibilityGlobals) = postSolution
		SolutionGuid = {C6BD2759-665E-4B57-A6FC-50304405337D}
	EndGlobalSection
EndGlobal
